
Microsoft Visual Studio Solution File, Format Version 12.00
# Visual Studio Version 17
VisualStudioVersion = 17.5.33424.131
MinimumVisualStudioVersion = 10.0.40219.1
Project("{FAE04EC0-301F-11D3-BF4B-00C04F79EFBC}") = "Bibliografie", "Bibliografie.csproj", "{8325FE92-EEFF-42DD-A8D1-0EEDEF88CB24}"
EndProject
Global
	GlobalSection(SolutionConfigurationPlatforms) = preSolution
		Debug|Any CPU = Debug|Any CPU
		Release|Any CPU = Release|Any CPU
	EndGlobalSection
	GlobalSection(ProjectConfigurationPlatforms) = postSolution
		{8325FE92-EEFF-42DD-A8D1-0EEDEF88CB24}.Debug|Any CPU.ActiveCfg = Debug|Any CPU
		{8325FE92-EEFF-42DD-A8D1-0EEDEF88CB24}.Debug|Any CPU.Build.0 = Debug|Any CPU
		{8325FE92-EEFF-42DD-A8D1-0EEDEF88CB24}.Release|Any CPU.ActiveCfg = Release|Any CPU
		{8325FE92-EEFF-42DD-A8D1-0EEDEF88CB24}.Release|Any CPU.Build.0 = Release|Any CPU
	EndGlobalSection
	GlobalSection(SolutionProperties) = preSolution
		HideSolutionNode = FALSE
	EndGlobalSection
	GlobalSection(ExtensibilityGlobals) = postSolution
		SolutionGuid = {55B97E27-83DD-4463-BB6C-8BCA43F89386}
	EndGlobalSection
EndGlobal
