
Microsoft Visual Studio Solution File, Format Version 12.00
# Visual Studio Version 17
VisualStudioVersion = 17.5.33424.131
MinimumVisualStudioVersion = 10.0.40219.1
Project("{FAE04EC0-301F-11D3-BF4B-00C04F79EFBC}") = "PAW_S04", "PAW_S04.csproj", "{8B5D442B-8497-4D3C-A5C4-24C465B08338}"
EndProject
Global
	GlobalSection(SolutionConfigurationPlatforms) = preSolution
		Debug|Any CPU = Debug|Any CPU
		Release|Any CPU = Release|Any CPU
	EndGlobalSection
	GlobalSection(ProjectConfigurationPlatforms) = postSolution
		{8B5D442B-8497-4D3C-A5C4-24C465B08338}.Debug|Any CPU.ActiveCfg = Debug|Any CPU
		{8B5D442B-8497-4D3C-A5C4-24C465B08338}.Debug|Any CPU.Build.0 = Debug|Any CPU
		{8B5D442B-8497-4D3C-A5C4-24C465B08338}.Release|Any CPU.ActiveCfg = Release|Any CPU
		{8B5D442B-8497-4D3C-A5C4-24C465B08338}.Release|Any CPU.Build.0 = Release|Any CPU
	EndGlobalSection
	GlobalSection(SolutionProperties) = preSolution
		HideSolutionNode = FALSE
	EndGlobalSection
	GlobalSection(ExtensibilityGlobals) = postSolution
		SolutionGuid = {D2667698-FB8D-4DE1-BD5E-FF16AF0E07DA}
	EndGlobalSection
EndGlobal
