
Microsoft Visual Studio Solution File, Format Version 12.00
# Visual Studio Version 17
VisualStudioVersion = 17.4.33403.182
MinimumVisualStudioVersion = 10.0.40219.1
Project("{FAE04EC0-301F-11D3-BF4B-00C04F79EFBC}") = "PAW_S03", "PAW_S03.csproj", "{D64A17B7-42FF-4CFD-8AC7-415FF108AB11}"
EndProject
Global
	GlobalSection(SolutionConfigurationPlatforms) = preSolution
		Debug|Any CPU = Debug|Any CPU
		Release|Any CPU = Release|Any CPU
	EndGlobalSection
	GlobalSection(ProjectConfigurationPlatforms) = postSolution
		{D64A17B7-42FF-4CFD-8AC7-415FF108AB11}.Debug|Any CPU.ActiveCfg = Debug|Any CPU
		{D64A17B7-42FF-4CFD-8AC7-415FF108AB11}.Debug|Any CPU.Build.0 = Debug|Any CPU
		{D64A17B7-42FF-4CFD-8AC7-415FF108AB11}.Release|Any CPU.ActiveCfg = Release|Any CPU
		{D64A17B7-42FF-4CFD-8AC7-415FF108AB11}.Release|Any CPU.Build.0 = Release|Any CPU
	EndGlobalSection
	GlobalSection(SolutionProperties) = preSolution
		HideSolutionNode = FALSE
	EndGlobalSection
	GlobalSection(ExtensibilityGlobals) = postSolution
		SolutionGuid = {192D7394-A235-4BD2-AAC7-60D7B95DAFBA}
	EndGlobalSection
EndGlobal
