
Microsoft Visual Studio Solution File, Format Version 12.00
# Visual Studio Version 17
VisualStudioVersion = 17.5.33424.131
MinimumVisualStudioVersion = 10.0.40219.1
Project("{FAE04EC0-301F-11D3-BF4B-00C04F79EFBC}") = "PAW_S11", "PAW_S11.csproj", "{FAB2435B-C361-4C4D-9A71-91204E53504E}"
EndProject
Global
	GlobalSection(SolutionConfigurationPlatforms) = preSolution
		Debug|Any CPU = Debug|Any CPU
		Release|Any CPU = Release|Any CPU
	EndGlobalSection
	GlobalSection(ProjectConfigurationPlatforms) = postSolution
		{FAB2435B-C361-4C4D-9A71-91204E53504E}.Debug|Any CPU.ActiveCfg = Debug|Any CPU
		{FAB2435B-C361-4C4D-9A71-91204E53504E}.Debug|Any CPU.Build.0 = Debug|Any CPU
		{FAB2435B-C361-4C4D-9A71-91204E53504E}.Release|Any CPU.ActiveCfg = Release|Any CPU
		{FAB2435B-C361-4C4D-9A71-91204E53504E}.Release|Any CPU.Build.0 = Release|Any CPU
	EndGlobalSection
	GlobalSection(SolutionProperties) = preSolution
		HideSolutionNode = FALSE
	EndGlobalSection
	GlobalSection(ExtensibilityGlobals) = postSolution
		SolutionGuid = {A09774AE-432A-4375-BA4D-BC98CC732691}
	EndGlobalSection
EndGlobal
